
Microsoft Visual Studio Solution File, Format Version 12.00
# Visual Studio Version 16
VisualStudioVersion = 16.0.31205.134
MinimumVisualStudioVersion = 10.0.40219.1
Project("{9A19103F-16F7-4668-BE54-9A1E7A4F7556}") = "MinhaLoja.Domain", "MinhaLoja.Domain\MinhaLoja.Domain.csproj", "{4AB4D448-3CAF-476B-AAF2-234AEE4A17FE}"
EndProject
Project("{9A19103F-16F7-4668-BE54-9A1E7A4F7556}") = "MinhaLoja.Core", "MinhaLoja.Core\MinhaLoja.Core.csproj", "{7BA7A4B7-D559-4544-B63A-F66944C5EFE3}"
EndProject
Project("{9A19103F-16F7-4668-BE54-9A1E7A4F7556}") = "MinhaLoja.Domain.Tests", "MinhaLoja.Domain.Tests\MinhaLoja.Domain.Tests.csproj", "{EA82CF4F-CC86-4FCE-AB30-58CC5BAD7E0F}"
EndProject
Project("{9A19103F-16F7-4668-BE54-9A1E7A4F7556}") = "MinhaLoja.Tests.Fakes", "MinhaLoja.Tests.Fakes\MinhaLoja.Tests.Fakes.csproj", "{E7D279A0-85B7-4503-A7EE-11FBA635A5E4}"
EndProject
Project("{2150E333-8FDC-42A3-9474-1A3956D46DE8}") = "src", "src", "{E879036F-F79C-4CA6-8159-C94B88A49543}"
EndProject
Project("{2150E333-8FDC-42A3-9474-1A3956D46DE8}") = "tests", "tests", "{43EDCCE4-D719-4512-8AE5-B55BFC29F64B}"
EndProject
Project("{9A19103F-16F7-4668-BE54-9A1E7A4F7556}") = "MinhaLoja.Infra.Data", "MinhaLoja.Infra.Data\MinhaLoja.Infra.Data.csproj", "{B9EFFA1A-497A-476D-8DBF-2119817F622C}"
EndProject
Project("{9A19103F-16F7-4668-BE54-9A1E7A4F7556}") = "MinhaLoja.Infra.Ioc", "MinhaLoja.Infra.Ioc\MinhaLoja.Infra.Ioc.csproj", "{30913D7D-DA86-48F1-9A79-7967B5A53635}"
EndProject
Project("{2150E333-8FDC-42A3-9474-1A3956D46DE8}") = "4 - infra", "4 - infra", "{A2672939-316E-4E73-BEA9-D9247FC5D1E6}"
EndProject
Project("{2150E333-8FDC-42A3-9474-1A3956D46DE8}") = "3 - workers", "3 - workers", "{5E9E4616-8386-48DF-A141-343971D9F4C5}"
EndProject
Project("{2150E333-8FDC-42A3-9474-1A3956D46DE8}") = "1 - domain", "1 - domain", "{0267A31A-0F0D-4845-9306-03DF4D9CAF60}"
EndProject
Project("{9A19103F-16F7-4668-BE54-9A1E7A4F7556}") = "MinhaLoja.Infra.Services", "MinhaLoja.Infra.Services\MinhaLoja.Infra.Services.csproj", "{C6E8F8AB-8743-464E-9E0B-8D570BB7993F}"
EndProject
Project("{2150E333-8FDC-42A3-9474-1A3956D46DE8}") = "2 - apis", "2 - apis", "{FAC40892-ABDF-485F-8775-AC66DEAD2A4C}"
EndProject
Project("{2150E333-8FDC-42A3-9474-1A3956D46DE8}") = "identity", "identity", "{E6E9B847-69C1-4617-BA1C-262F0ECC21CF}"
EndProject
Project("{9A19103F-16F7-4668-BE54-9A1E7A4F7556}") = "MinhaLoja.Api.Identity", "MinhaLoja.Api.Identity\MinhaLoja.Api.Identity.csproj", "{4CCBA0F1-03A0-40BD-B04D-99AB754D8994}"
EndProject
Project("{2150E333-8FDC-42A3-9474-1A3956D46DE8}") = "apis", "apis", "{4F2B38A6-6966-4BB8-BE45-898E28BE3F43}"
EndProject
Project("{9A19103F-16F7-4668-BE54-9A1E7A4F7556}") = "MinhaLoja.Infra.Api", "MinhaLoja.Infra.Api\MinhaLoja.Infra.Api.csproj", "{F4108AB6-BAC4-417A-B407-E626296209D4}"
EndProject
Project("{9A19103F-16F7-4668-BE54-9A1E7A4F7556}") = "MinhaLoja.Infra.Api.Identity", "MinhaLoja.Infra.Api.Identity\MinhaLoja.Infra.Api.Identity.csproj", "{2BA9046F-0E05-4312-B6B7-8D7B34FC938B}"
EndProject
Project("{9A19103F-16F7-4668-BE54-9A1E7A4F7556}") = "MinhaLoja.Api.AdminLoja", "MinhaLoja.Api.AdminLoja\MinhaLoja.Api.AdminLoja.csproj", "{564FD3E8-E99C-4F6B-8FB6-429E59A8FE70}"
EndProject
Project("{9A19103F-16F7-4668-BE54-9A1E7A4F7556}") = "MinhaLoja.Infra.ServiceBus", "MinhaLoja.Infra.ServiceBus\MinhaLoja.Infra.ServiceBus.csproj", "{E0ACB36B-4536-4827-B88F-27FFD1FAB50C}"
EndProject
Project("{9A19103F-16F7-4668-BE54-9A1E7A4F7556}") = "MinhaLoja.Worker.DomainEventsReceiver", "MinhaLoja.Worker.DomainEventsReceiver\MinhaLoja.Worker.DomainEventsReceiver.csproj", "{7DD34B30-4CAD-4CA0-8D70-A94D6861DA92}"
EndProject
Project("{2150E333-8FDC-42A3-9474-1A3956D46DE8}") = "fakes", "fakes", "{A39EC28F-01DB-479F-B5A9-DC0691178EC9}"
EndProject
Project("{2150E333-8FDC-42A3-9474-1A3956D46DE8}") = "Solution Items", "Solution Items", "{A2DA016D-5BA5-4C57-B70D-6837B8B7E643}"
	ProjectSection(SolutionItems) = preProject
		appsettings.EXAMPLE.json = appsettings.EXAMPLE.json
	EndProjectSection
EndProject
Project("{9A19103F-16F7-4668-BE54-9A1E7A4F7556}") = "MinhaLoja.Worker.UnapprovedRegistrationSellers", "MinhaLoja.Worker.UnapprovedRegistrationSellers\MinhaLoja.Worker.UnapprovedRegistrationSellers.csproj", "{99E78500-82D6-48F9-A526-5FF1163682A3}"
EndProject
Global
	GlobalSection(SolutionConfigurationPlatforms) = preSolution
		Debug|Any CPU = Debug|Any CPU
		Release|Any CPU = Release|Any CPU
	EndGlobalSection
	GlobalSection(ProjectConfigurationPlatforms) = postSolution
		{4AB4D448-3CAF-476B-AAF2-234AEE4A17FE}.Debug|Any CPU.ActiveCfg = Debug|Any CPU
		{4AB4D448-3CAF-476B-AAF2-234AEE4A17FE}.Debug|Any CPU.Build.0 = Debug|Any CPU
		{4AB4D448-3CAF-476B-AAF2-234AEE4A17FE}.Release|Any CPU.ActiveCfg = Release|Any CPU
		{4AB4D448-3CAF-476B-AAF2-234AEE4A17FE}.Release|Any CPU.Build.0 = Release|Any CPU
		{7BA7A4B7-D559-4544-B63A-F66944C5EFE3}.Debug|Any CPU.ActiveCfg = Debug|Any CPU
		{7BA7A4B7-D559-4544-B63A-F66944C5EFE3}.Debug|Any CPU.Build.0 = Debug|Any CPU
		{7BA7A4B7-D559-4544-B63A-F66944C5EFE3}.Release|Any CPU.ActiveCfg = Release|Any CPU
		{7BA7A4B7-D559-4544-B63A-F66944C5EFE3}.Release|Any CPU.Build.0 = Release|Any CPU
		{EA82CF4F-CC86-4FCE-AB30-58CC5BAD7E0F}.Debug|Any CPU.ActiveCfg = Debug|Any CPU
		{EA82CF4F-CC86-4FCE-AB30-58CC5BAD7E0F}.Debug|Any CPU.Build.0 = Debug|Any CPU
		{EA82CF4F-CC86-4FCE-AB30-58CC5BAD7E0F}.Release|Any CPU.ActiveCfg = Release|Any CPU
		{EA82CF4F-CC86-4FCE-AB30-58CC5BAD7E0F}.Release|Any CPU.Build.0 = Release|Any CPU
		{E7D279A0-85B7-4503-A7EE-11FBA635A5E4}.Debug|Any CPU.ActiveCfg = Debug|Any CPU
		{E7D279A0-85B7-4503-A7EE-11FBA635A5E4}.Debug|Any CPU.Build.0 = Debug|Any CPU
		{E7D279A0-85B7-4503-A7EE-11FBA635A5E4}.Release|Any CPU.ActiveCfg = Release|Any CPU
		{E7D279A0-85B7-4503-A7EE-11FBA635A5E4}.Release|Any CPU.Build.0 = Release|Any CPU
		{B9EFFA1A-497A-476D-8DBF-2119817F622C}.Debug|Any CPU.ActiveCfg = Debug|Any CPU
		{B9EFFA1A-497A-476D-8DBF-2119817F622C}.Debug|Any CPU.Build.0 = Debug|Any CPU
		{B9EFFA1A-497A-476D-8DBF-2119817F622C}.Release|Any CPU.ActiveCfg = Release|Any CPU
		{B9EFFA1A-497A-476D-8DBF-2119817F622C}.Release|Any CPU.Build.0 = Release|Any CPU
		{30913D7D-DA86-48F1-9A79-7967B5A53635}.Debug|Any CPU.ActiveCfg = Debug|Any CPU
		{30913D7D-DA86-48F1-9A79-7967B5A53635}.Debug|Any CPU.Build.0 = Debug|Any CPU
		{30913D7D-DA86-48F1-9A79-7967B5A53635}.Release|Any CPU.ActiveCfg = Release|Any CPU
		{30913D7D-DA86-48F1-9A79-7967B5A53635}.Release|Any CPU.Build.0 = Release|Any CPU
		{C6E8F8AB-8743-464E-9E0B-8D570BB7993F}.Debug|Any CPU.ActiveCfg = Debug|Any CPU
		{C6E8F8AB-8743-464E-9E0B-8D570BB7993F}.Debug|Any CPU.Build.0 = Debug|Any CPU
		{C6E8F8AB-8743-464E-9E0B-8D570BB7993F}.Release|Any CPU.ActiveCfg = Release|Any CPU
		{C6E8F8AB-8743-464E-9E0B-8D570BB7993F}.Release|Any CPU.Build.0 = Release|Any CPU
		{4CCBA0F1-03A0-40BD-B04D-99AB754D8994}.Debug|Any CPU.ActiveCfg = Debug|Any CPU
		{4CCBA0F1-03A0-40BD-B04D-99AB754D8994}.Debug|Any CPU.Build.0 = Debug|Any CPU
		{4CCBA0F1-03A0-40BD-B04D-99AB754D8994}.Release|Any CPU.ActiveCfg = Release|Any CPU
		{4CCBA0F1-03A0-40BD-B04D-99AB754D8994}.Release|Any CPU.Build.0 = Release|Any CPU
		{F4108AB6-BAC4-417A-B407-E626296209D4}.Debug|Any CPU.ActiveCfg = Debug|Any CPU
		{F4108AB6-BAC4-417A-B407-E626296209D4}.Debug|Any CPU.Build.0 = Debug|Any CPU
		{F4108AB6-BAC4-417A-B407-E626296209D4}.Release|Any CPU.ActiveCfg = Release|Any CPU
		{F4108AB6-BAC4-417A-B407-E626296209D4}.Release|Any CPU.Build.0 = Release|Any CPU
		{2BA9046F-0E05-4312-B6B7-8D7B34FC938B}.Debug|Any CPU.ActiveCfg = Debug|Any CPU
		{2BA9046F-0E05-4312-B6B7-8D7B34FC938B}.Debug|Any CPU.Build.0 = Debug|Any CPU
		{2BA9046F-0E05-4312-B6B7-8D7B34FC938B}.Release|Any CPU.ActiveCfg = Release|Any CPU
		{2BA9046F-0E05-4312-B6B7-8D7B34FC938B}.Release|Any CPU.Build.0 = Release|Any CPU
		{564FD3E8-E99C-4F6B-8FB6-429E59A8FE70}.Debug|Any CPU.ActiveCfg = Debug|Any CPU
		{564FD3E8-E99C-4F6B-8FB6-429E59A8FE70}.Debug|Any CPU.Build.0 = Debug|Any CPU
		{564FD3E8-E99C-4F6B-8FB6-429E59A8FE70}.Release|Any CPU.ActiveCfg = Release|Any CPU
		{564FD3E8-E99C-4F6B-8FB6-429E59A8FE70}.Release|Any CPU.Build.0 = Release|Any CPU
		{E0ACB36B-4536-4827-B88F-27FFD1FAB50C}.Debug|Any CPU.ActiveCfg = Debug|Any CPU
		{E0ACB36B-4536-4827-B88F-27FFD1FAB50C}.Debug|Any CPU.Build.0 = Debug|Any CPU
		{E0ACB36B-4536-4827-B88F-27FFD1FAB50C}.Release|Any CPU.ActiveCfg = Release|Any CPU
		{E0ACB36B-4536-4827-B88F-27FFD1FAB50C}.Release|Any CPU.Build.0 = Release|Any CPU
		{7DD34B30-4CAD-4CA0-8D70-A94D6861DA92}.Debug|Any CPU.ActiveCfg = Debug|Any CPU
		{7DD34B30-4CAD-4CA0-8D70-A94D6861DA92}.Debug|Any CPU.Build.0 = Debug|Any CPU
		{7DD34B30-4CAD-4CA0-8D70-A94D6861DA92}.Release|Any CPU.ActiveCfg = Release|Any CPU
		{7DD34B30-4CAD-4CA0-8D70-A94D6861DA92}.Release|Any CPU.Build.0 = Release|Any CPU
		{99E78500-82D6-48F9-A526-5FF1163682A3}.Debug|Any CPU.ActiveCfg = Debug|Any CPU
		{99E78500-82D6-48F9-A526-5FF1163682A3}.Debug|Any CPU.Build.0 = Debug|Any CPU
		{99E78500-82D6-48F9-A526-5FF1163682A3}.Release|Any CPU.ActiveCfg = Release|Any CPU
		{99E78500-82D6-48F9-A526-5FF1163682A3}.Release|Any CPU.Build.0 = Release|Any CPU
	EndGlobalSection
	GlobalSection(SolutionProperties) = preSolution
		HideSolutionNode = FALSE
	EndGlobalSection
	GlobalSection(NestedProjects) = preSolution
		{4AB4D448-3CAF-476B-AAF2-234AEE4A17FE} = {0267A31A-0F0D-4845-9306-03DF4D9CAF60}
		{7BA7A4B7-D559-4544-B63A-F66944C5EFE3} = {0267A31A-0F0D-4845-9306-03DF4D9CAF60}
		{EA82CF4F-CC86-4FCE-AB30-58CC5BAD7E0F} = {43EDCCE4-D719-4512-8AE5-B55BFC29F64B}
		{E7D279A0-85B7-4503-A7EE-11FBA635A5E4} = {A39EC28F-01DB-479F-B5A9-DC0691178EC9}
		{B9EFFA1A-497A-476D-8DBF-2119817F622C} = {A2672939-316E-4E73-BEA9-D9247FC5D1E6}
		{30913D7D-DA86-48F1-9A79-7967B5A53635} = {A2672939-316E-4E73-BEA9-D9247FC5D1E6}
		{A2672939-316E-4E73-BEA9-D9247FC5D1E6} = {E879036F-F79C-4CA6-8159-C94B88A49543}
		{5E9E4616-8386-48DF-A141-343971D9F4C5} = {E879036F-F79C-4CA6-8159-C94B88A49543}
		{0267A31A-0F0D-4845-9306-03DF4D9CAF60} = {E879036F-F79C-4CA6-8159-C94B88A49543}
		{C6E8F8AB-8743-464E-9E0B-8D570BB7993F} = {A2672939-316E-4E73-BEA9-D9247FC5D1E6}
		{FAC40892-ABDF-485F-8775-AC66DEAD2A4C} = {E879036F-F79C-4CA6-8159-C94B88A49543}
		{E6E9B847-69C1-4617-BA1C-262F0ECC21CF} = {FAC40892-ABDF-485F-8775-AC66DEAD2A4C}
		{4CCBA0F1-03A0-40BD-B04D-99AB754D8994} = {E6E9B847-69C1-4617-BA1C-262F0ECC21CF}
		{4F2B38A6-6966-4BB8-BE45-898E28BE3F43} = {A2672939-316E-4E73-BEA9-D9247FC5D1E6}
		{F4108AB6-BAC4-417A-B407-E626296209D4} = {4F2B38A6-6966-4BB8-BE45-898E28BE3F43}
		{2BA9046F-0E05-4312-B6B7-8D7B34FC938B} = {4F2B38A6-6966-4BB8-BE45-898E28BE3F43}
		{564FD3E8-E99C-4F6B-8FB6-429E59A8FE70} = {FAC40892-ABDF-485F-8775-AC66DEAD2A4C}
		{E0ACB36B-4536-4827-B88F-27FFD1FAB50C} = {A2672939-316E-4E73-BEA9-D9247FC5D1E6}
		{7DD34B30-4CAD-4CA0-8D70-A94D6861DA92} = {5E9E4616-8386-48DF-A141-343971D9F4C5}
		{A39EC28F-01DB-479F-B5A9-DC0691178EC9} = {43EDCCE4-D719-4512-8AE5-B55BFC29F64B}
		{99E78500-82D6-48F9-A526-5FF1163682A3} = {5E9E4616-8386-48DF-A141-343971D9F4C5}
	EndGlobalSection
	GlobalSection(ExtensibilityGlobals) = postSolution
		SolutionGuid = {048B24AC-30BA-4A05-BAB0-AA19017B469F}
	EndGlobalSection
EndGlobal
